// !$*UTF8*$!
{
	archiveVersion = 1;
	classes = {
	};
	objectVersion = 77;
	objects = {

/* Begin PBXBuildFile section */
		A10000012FA1000100A10001 /* NotchlyIdentityHelper in Embed Identity Helper */ = {isa = PBXBuildFile; fileRef = A10000032FA1000100A10003 /* NotchlyIdentityHelper */; settings = {ATTRIBUTES = (CodeSignOnCopy, ); }; };
		A10000022FA1000100A10002 /* xyz.notchly.Notchly.IdentityHelper.plist in Embed LaunchDaemon */ = {isa = PBXBuildFile; fileRef = A10000042FA1000100A10004 /* xyz.notchly.Notchly.IdentityHelper.plist */; };
		CE09F2B32F7D845B0088ADC6 /* SkyLightWindow in Frameworks */ = {isa = PBXBuildFile; productRef = CE09F2B22F7D845B0088ADC6 /* SkyLightWindow */; };
		CE30A0C22F71B03C006A3998 /* MediaRemoteAdapter in Frameworks */ = {isa = PBXBuildFile; productRef = CE30A0C12F71B03C006A3998 /* MediaRemoteAdapter */; };
/* End PBXBuildFile section */

/* Begin PBXContainerItemProxy section */
		A100000F2FA1000100A1000F /* PBXContainerItemProxy */ = {
			isa = PBXContainerItemProxy;
			containerPortal = CEDD2D612F6772D000574141 /* Project object */;
			proxyType = 1;
			remoteGlobalIDString = A100000B2FA1000100A1000B;
			remoteInfo = NotchlyIdentityHelper;
		};
/* End PBXContainerItemProxy section */

/* Begin PBXCopyFilesBuildPhase section */
		A10000062FA1000100A10006 /* Embed Identity Helper */ = {
			isa = PBXCopyFilesBuildPhase;
			buildActionMask = 2147483647;
			dstPath = Contents/Resources;
			dstSubfolderSpec = 1;
			files = (
				A10000012FA1000100A10001 /* NotchlyIdentityHelper in Embed Identity Helper */,
			);
			name = "Embed Identity Helper";
			runOnlyForDeploymentPostprocessing = 0;
		};
		A10000072FA1000100A10007 /* Embed LaunchDaemon */ = {
			isa = PBXCopyFilesBuildPhase;
			buildActionMask = 2147483647;
			dstPath = Contents/Library/LaunchDaemons;
			dstSubfolderSpec = 1;
			files = (
				A10000022FA1000100A10002 /* xyz.notchly.Notchly.IdentityHelper.plist in Embed LaunchDaemon */,
			);
			name = "Embed LaunchDaemon";
			runOnlyForDeploymentPostprocessing = 0;
		};
		CE30A0BF2F71A89D006A3998 /* Embed Frameworks */ = {
			isa = PBXCopyFilesBuildPhase;
			buildActionMask = 2147483647;
			dstPath = "";
			dstSubfolderSpec = 10;
			files = (
			);
			name = "Embed Frameworks";
			runOnlyForDeploymentPostprocessing = 0;
		};
/* End PBXCopyFilesBuildPhase section */

/* Begin PBXFileReference section */
		A10000032FA1000100A10003 /* NotchlyIdentityHelper */ = {isa = PBXFileReference; explicitFileType = "compiled.mach-o.executable"; includeInIndex = 0; path = NotchlyIdentityHelper; sourceTree = BUILT_PRODUCTS_DIR; };
		A10000042FA1000100A10004 /* xyz.notchly.Notchly.IdentityHelper.plist */ = {isa = PBXFileReference; lastKnownFileType = text.plist.xml; path = xyz.notchly.Notchly.IdentityHelper.plist; sourceTree = "<group>"; };
		CE30A0B52F71A7F8006A3998 /* MediaRemote.framework */ = {isa = PBXFileReference; lastKnownFileType = wrapper.framework; name = MediaRemote.framework; path = ../../../../System/Library/PrivateFrameworks/MediaRemote.framework; sourceTree = "<group>"; };
		CE5CF1002F7F000100B82701 /* Info.plist */ = {isa = PBXFileReference; lastKnownFileType = text.plist.xml; path = Info.plist; sourceTree = "<group>"; };
		CEDD2D692F6772D000574141 /* Notchly.app */ = {isa = PBXFileReference; explicitFileType = wrapper.application; includeInIndex = 0; path = Notchly.app; sourceTree = BUILT_PRODUCTS_DIR; };
/* End PBXFileReference section */

/* Begin PBXFileSystemSynchronizedGroupBuildPhaseMembershipExceptionSet section */
		CE09F1D42F7D5E670088ADC6 /* Exceptions for "Notchly" folder in "Embed Frameworks" phase from "Notchly" target */ = {
			isa = PBXFileSystemSynchronizedGroupBuildPhaseMembershipExceptionSet;
			attributesByRelativePath = {
				Resources/Adapters/MediaRemoteAdapter.framework = (CodeSignOnCopy, RemoveHeadersOnCopy, );
			};
			buildPhase = CE30A0BF2F71A89D006A3998 /* Embed Frameworks */;
			membershipExceptions = (
				Resources/Adapters/MediaRemoteAdapter.framework,
			);
		};
/* End PBXFileSystemSynchronizedGroupBuildPhaseMembershipExceptionSet section */

/* Begin PBXFileSystemSynchronizedRootGroup section */
		A10000052FA1000100A10005 /* NotchlyIdentityHelper */ = {
			isa = PBXFileSystemSynchronizedRootGroup;
			path = NotchlyIdentityHelper;
			sourceTree = "<group>";
		};
		CEDD2D6B2F6772D000574141 /* Notchly */ = {
			isa = PBXFileSystemSynchronizedRootGroup;
			exceptions = (
				CE09F1D42F7D5E670088ADC6 /* Exceptions for "Notchly" folder in "Embed Frameworks" phase from "Notchly" target */,
			);
			path = Notchly;
			sourceTree = "<group>";
		};
/* End PBXFileSystemSynchronizedRootGroup section */

/* Begin PBXFrameworksBuildPhase section */
		A10000092FA1000100A10009 /* Frameworks */ = {
			isa = PBXFrameworksBuildPhase;
			buildActionMask = 2147483647;
			files = (
			);
			runOnlyForDeploymentPostprocessing = 0;
		};
		CEDD2D662F6772D000574141 /* Frameworks */ = {
			isa = PBXFrameworksBuildPhase;
			buildActionMask = 2147483647;
			files = (
				CE09F2B32F7D845B0088ADC6 /* SkyLightWindow in Frameworks */,
				CE30A0C22F71B03C006A3998 /* MediaRemoteAdapter in Frameworks */,
			);
			runOnlyForDeploymentPostprocessing = 0;
		};
/* End PBXFrameworksBuildPhase section */

/* Begin PBXGroup section */
		CE5CF1012F7F000100B82701 /* Config */ = {
			isa = PBXGroup;
			children = (
				CE5CF1002F7F000100B82701 /* Info.plist */,
				A10000042FA1000100A10004 /* xyz.notchly.Notchly.IdentityHelper.plist */,
			);
			path = Config;
			sourceTree = "<group>";
		};
		CE9929AF2F71851800EE3029 /* Frameworks */ = {
			isa = PBXGroup;
			children = (
				CE30A0B52F71A7F8006A3998 /* MediaRemote.framework */,
			);
			name = Frameworks;
			sourceTree = "<group>";
		};
		CEDD2D602F6772D000574141 = {
			isa = PBXGroup;
			children = (
				CEDD2D6A2F6772D000574141 /* Products */,
				CEDD2D6B2F6772D000574141 /* Notchly */,
				A10000052FA1000100A10005 /* NotchlyIdentityHelper */,
				CE5CF1012F7F000100B82701 /* Config */,
				CE9929AF2F71851800EE3029 /* Frameworks */,
			);
			sourceTree = "<group>";
		};
		CEDD2D6A2F6772D000574141 /* Products */ = {
			isa = PBXGroup;
			children = (
				CEDD2D692F6772D000574141 /* Notchly.app */,
				A10000032FA1000100A10003 /* NotchlyIdentityHelper */,
			);
			name = Products;
			sourceTree = "<group>";
		};
/* End PBXGroup section */

/* Begin PBXNativeTarget section */
		A100000B2FA1000100A1000B /* NotchlyIdentityHelper */ = {
			isa = PBXNativeTarget;
			buildConfigurationList = A100000E2FA1000100A1000E /* Build configuration list for PBXNativeTarget "NotchlyIdentityHelper" */;
			buildPhases = (
				A10000082FA1000100A10008 /* Sources */,
				A10000092FA1000100A10009 /* Frameworks */,
				A100000A2FA1000100A1000A /* Resources */,
			);
			buildRules = (
			);
			dependencies = (
			);
			fileSystemSynchronizedGroups = (
				A10000052FA1000100A10005 /* NotchlyIdentityHelper */,
			);
			name = NotchlyIdentityHelper;
			packageProductDependencies = (
			);
			productName = NotchlyIdentityHelper;
			productReference = A10000032FA1000100A10003 /* NotchlyIdentityHelper */;
			productType = "com.apple.product-type.tool";
		};
		CEDD2D682F6772D000574141 /* Notchly */ = {
			isa = PBXNativeTarget;
			buildConfigurationList = CEDD2D742F6772D100574141 /* Build configuration list for PBXNativeTarget "Notchly" */;
			buildPhases = (
				CEDD2D652F6772D000574141 /* Sources */,
				CEDD2D662F6772D000574141 /* Frameworks */,
				CEDD2D672F6772D000574141 /* Resources */,
				A10000062FA1000100A10006 /* Embed Identity Helper */,
				A10000072FA1000100A10007 /* Embed LaunchDaemon */,
				CE30A0BF2F71A89D006A3998 /* Embed Frameworks */,
			);
			buildRules = (
			);
			dependencies = (
				A10000102FA1000100A10010 /* PBXTargetDependency */,
			);
			fileSystemSynchronizedGroups = (
				CEDD2D6B2F6772D000574141 /* Notchly */,
			);
			name = Notchly;
			packageProductDependencies = (
				CE30A0C12F71B03C006A3998 /* MediaRemoteAdapter */,
				CE09F2B22F7D845B0088ADC6 /* SkyLightWindow */,
			);
			productName = DynamicIsland;
			productReference = CEDD2D692F6772D000574141 /* Notchly.app */;
			productType = "com.apple.product-type.application";
		};
/* End PBXNativeTarget section */

/* Begin PBXProject section */
		CEDD2D612F6772D000574141 /* Project object */ = {
			isa = PBXProject;
			attributes = {
				BuildIndependentTargetsInParallel = 1;
				LastSwiftUpdateCheck = 2600;
				LastUpgradeCheck = 2700;
				TargetAttributes = {
					A100000B2FA1000100A1000B = {
						CreatedOnToolsVersion = 26.0;
					};
					CEDD2D682F6772D000574141 = {
						CreatedOnToolsVersion = 26.0;
					};
				};
			};
			buildConfigurationList = CEDD2D642F6772D000574141 /* Build configuration list for PBXProject "Notchly" */;
			developmentRegion = en;
			hasScannedForEncodings = 0;
			knownRegions = (
				en,
				Base,
			);
			mainGroup = CEDD2D602F6772D000574141;
			minimizedProjectReferenceProxies = 1;
			packageReferences = (
				CE30A0C02F71B03C006A3998 /* XCRemoteSwiftPackageReference "mediaremote-adapter" */,
				CE09F2B12F7D845B0088ADC6 /* XCRemoteSwiftPackageReference "SkyLightWindow" */,
			);
			preferredProjectObjectVersion = 77;
			productRefGroup = CEDD2D6A2F6772D000574141 /* Products */;
			projectDirPath = "";
			projectRoot = "";
			targets = (
				CEDD2D682F6772D000574141 /* Notchly */,
				A100000B2FA1000100A1000B /* NotchlyIdentityHelper */,
			);
		};
/* End PBXProject section */

/* Begin PBXResourcesBuildPhase section */
		A100000A2FA1000100A1000A /* Resources */ = {
			isa = PBXResourcesBuildPhase;
			buildActionMask = 2147483647;
			files = (
			);
			runOnlyForDeploymentPostprocessing = 0;
		};
		CEDD2D672F6772D000574141 /* Resources */ = {
			isa = PBXResourcesBuildPhase;
			buildActionMask = 2147483647;
			files = (
			);
			runOnlyForDeploymentPostprocessing = 0;
		};
/* End PBXResourcesBuildPhase section */

/* Begin PBXSourcesBuildPhase section */
		A10000082FA1000100A10008 /* Sources */ = {
			isa = PBXSourcesBuildPhase;
			buildActionMask = 2147483647;
			files = (
			);
			runOnlyForDeploymentPostprocessing = 0;
		};
		CEDD2D652F6772D000574141 /* Sources */ = {
			isa = PBXSourcesBuildPhase;
			buildActionMask = 2147483647;
			files = (
			);
			runOnlyForDeploymentPostprocessing = 0;
		};
/* End PBXSourcesBuildPhase section */

/* Begin PBXTargetDependency section */
		A10000102FA1000100A10010 /* PBXTargetDependency */ = {
			isa = PBXTargetDependency;
			target = A100000B2FA1000100A1000B /* NotchlyIdentityHelper */;
			targetProxy = A100000F2FA1000100A1000F /* PBXContainerItemProxy */;
		};
/* End PBXTargetDependency section */

/* Begin XCBuildConfiguration section */
		A100000C2FA1000100A1000C /* Debug */ = {
			isa = XCBuildConfiguration;
			buildSettings = {
				"CODE_SIGN_IDENTITY[sdk=macosx*]" = "Apple Development";
				CODE_SIGN_STYLE = Automatic;
				CREATE_INFOPLIST_SECTION_IN_BINARY = YES;
				CURRENT_PROJECT_VERSION = 1;
				DEAD_CODE_STRIPPING = YES;
				DEVELOPMENT_TEAM = "";
				ENABLE_HARDENED_RUNTIME = YES;
				GENERATE_INFOPLIST_FILE = YES;
				INFOPLIST_KEY_CFBundleDisplayName = "Notchly Identity Helper";
				MACOSX_DEPLOYMENT_TARGET = 14.6;
				MARKETING_VERSION = 1.0;
				PRODUCT_BUNDLE_IDENTIFIER = xyz.notchly.Notchly.IdentityHelper;
				PRODUCT_NAME = "$(TARGET_NAME)";
				SKIP_INSTALL = YES;
				SWIFT_ACTIVE_COMPILATION_CONDITIONS = "DEBUG $(inherited)";
				SWIFT_APPROACHABLE_CONCURRENCY = YES;
				SWIFT_VERSION = 5.0;
			};
			name = Debug;
		};
		A100000D2FA1000100A1000D /* Release */ = {
			isa = XCBuildConfiguration;
			buildSettings = {
				"CODE_SIGN_IDENTITY[sdk=macosx*]" = "Apple Development";
				CODE_SIGN_STYLE = Automatic;
				CREATE_INFOPLIST_SECTION_IN_BINARY = YES;
				CURRENT_PROJECT_VERSION = 1;
				DEAD_CODE_STRIPPING = YES;
				DEVELOPMENT_TEAM = "";
				ENABLE_HARDENED_RUNTIME = YES;
				GENERATE_INFOPLIST_FILE = YES;
				INFOPLIST_KEY_CFBundleDisplayName = "Notchly Identity Helper";
				MACOSX_DEPLOYMENT_TARGET = 14.6;
				MARKETING_VERSION = 1.0;
				PRODUCT_BUNDLE_IDENTIFIER = xyz.notchly.Notchly.IdentityHelper;
				PRODUCT_NAME = "$(TARGET_NAME)";
				SKIP_INSTALL = YES;
				SWIFT_APPROACHABLE_CONCURRENCY = YES;
				SWIFT_VERSION = 5.0;
			};
			name = Release;
		};
		CEDD2D722F6772D100574141 /* Debug */ = {
			isa = XCBuildConfiguration;
			buildSettings = {
				ALWAYS_SEARCH_USER_PATHS = NO;
				ASSETCATALOG_COMPILER_GENERATE_SWIFT_ASSET_SYMBOL_EXTENSIONS = YES;
				CLANG_ANALYZER_NONNULL = YES;
				CLANG_ANALYZER_NUMBER_OBJECT_CONVERSION = YES_AGGRESSIVE;
				CLANG_CXX_LANGUAGE_STANDARD = "gnu++20";
				CLANG_ENABLE_OBJC_ARC = YES;
				CLANG_ENABLE_OBJC_WEAK = YES;
				CLANG_WARN_BLOCK_CAPTURE_AUTORELEASING = YES;
				CLANG_WARN_BOOL_CONVERSION = YES;
				CLANG_WARN_COMMA = YES;
				CLANG_WARN_CONSTANT_CONVERSION = YES;
				CLANG_WARN_DEPRECATED_OBJC_IMPLEMENTATIONS = YES;
				CLANG_WARN_DIRECT_OBJC_ISA_USAGE = YES_ERROR;
				CLANG_WARN_DOCUMENTATION_COMMENTS = YES;
				CLANG_WARN_EMPTY_BODY = YES;
				CLANG_WARN_ENUM_CONVERSION = YES;
				CLANG_WARN_INFINITE_RECURSION = YES;
				CLANG_WARN_INT_CONVERSION = YES;
				CLANG_WARN_NON_LITERAL_NULL_CONVERSION = YES;
				CLANG_WARN_OBJC_IMPLICIT_RETAIN_SELF = YES;
				CLANG_WARN_OBJC_LITERAL_CONVERSION = YES;
				CLANG_WARN_OBJC_ROOT_CLASS = YES_ERROR;
				CLANG_WARN_QUOTED_INCLUDE_IN_FRAMEWORK_HEADER = YES;
				CLANG_WARN_RANGE_LOOP_ANALYSIS = YES;
				CLANG_WARN_STRICT_PROTOTYPES = YES;
				CLANG_WARN_SUSPICIOUS_MOVE = YES;
				CLANG_WARN_UNGUARDED_AVAILABILITY = YES_AGGRESSIVE;
				CLANG_WARN_UNREACHABLE_CODE = YES;
				CLANG_WARN__DUPLICATE_METHOD_MATCH = YES;
				COPY_PHASE_STRIP = NO;
				DEAD_CODE_STRIPPING = YES;
				DEBUG_INFORMATION_FORMAT = dwarf;
				ENABLE_STRICT_OBJC_MSGSEND = YES;
				ENABLE_TESTABILITY = YES;
				ENABLE_USER_SCRIPT_SANDBOXING = YES;
				GCC_C_LANGUAGE_STANDARD = gnu17;
				GCC_DYNAMIC_NO_PIC = NO;
				GCC_NO_COMMON_BLOCKS = YES;
				GCC_OPTIMIZATION_LEVEL = 0;
				GCC_PREPROCESSOR_DEFINITIONS = (
					"DEBUG=1",
					"$(inherited)",
				);
				GCC_WARN_64_TO_32_BIT_CONVERSION = YES;
				GCC_WARN_ABOUT_RETURN_TYPE = YES_ERROR;
				GCC_WARN_UNDECLARED_SELECTOR = YES;
				GCC_WARN_UNINITIALIZED_AUTOS = YES_AGGRESSIVE;
				GCC_WARN_UNUSED_FUNCTION = YES;
				GCC_WARN_UNUSED_VARIABLE = YES;
				LOCALIZATION_PREFERS_STRING_CATALOGS = YES;
				MACOSX_DEPLOYMENT_TARGET = 26.0;
				MTL_ENABLE_DEBUG_INFO = INCLUDE_SOURCE;
				MTL_FAST_MATH = YES;
				ONLY_ACTIVE_ARCH = YES;
				SDKROOT = macosx;
				STRING_CATALOG_GENERATE_SYMBOLS = YES;
				SWIFT_ACTIVE_COMPILATION_CONDITIONS = "DEBUG $(inherited)";
				SWIFT_OPTIMIZATION_LEVEL = "-Onone";
			};
			name = Debug;
		};
		CEDD2D732F6772D100574141 /* Release */ = {
			isa = XCBuildConfiguration;
			buildSettings = {
				ALWAYS_SEARCH_USER_PATHS = NO;
				ASSETCATALOG_COMPILER_GENERATE_SWIFT_ASSET_SYMBOL_EXTENSIONS = YES;
				CLANG_ANALYZER_NONNULL = YES;
				CLANG_ANALYZER_NUMBER_OBJECT_CONVERSION = YES_AGGRESSIVE;
				CLANG_CXX_LANGUAGE_STANDARD = "gnu++20";
				CLANG_ENABLE_OBJC_ARC = YES;
				CLANG_ENABLE_OBJC_WEAK = YES;
				CLANG_WARN_BLOCK_CAPTURE_AUTORELEASING = YES;
				CLANG_WARN_BOOL_CONVERSION = YES;
				CLANG_WARN_COMMA = YES;
				CLANG_WARN_CONSTANT_CONVERSION = YES;
				CLANG_WARN_DEPRECATED_OBJC_IMPLEMENTATIONS = YES;
				CLANG_WARN_DIRECT_OBJC_ISA_USAGE = YES_ERROR;
				CLANG_WARN_DOCUMENTATION_COMMENTS = YES;
				CLANG_WARN_EMPTY_BODY = YES;
				CLANG_WARN_ENUM_CONVERSION = YES;
				CLANG_WARN_INFINITE_RECURSION = YES;
				CLANG_WARN_INT_CONVERSION = YES;
				CLANG_WARN_NON_LITERAL_NULL_CONVERSION = YES;
				CLANG_WARN_OBJC_IMPLICIT_RETAIN_SELF = YES;
				CLANG_WARN_OBJC_LITERAL_CONVERSION = YES;
				CLANG_WARN_OBJC_ROOT_CLASS = YES_ERROR;
				CLANG_WARN_QUOTED_INCLUDE_IN_FRAMEWORK_HEADER = YES;
				CLANG_WARN_RANGE_LOOP_ANALYSIS = YES;
				CLANG_WARN_STRICT_PROTOTYPES = YES;
				CLANG_WARN_SUSPICIOUS_MOVE = YES;
				CLANG_WARN_UNGUARDED_AVAILABILITY = YES_AGGRESSIVE;
				CLANG_WARN_UNREACHABLE_CODE = YES;
				CLANG_WARN__DUPLICATE_METHOD_MATCH = YES;
				COPY_PHASE_STRIP = NO;
				DEAD_CODE_STRIPPING = YES;
				DEBUG_INFORMATION_FORMAT = "dwarf-with-dsym";
				ENABLE_NS_ASSERTIONS = NO;
				ENABLE_STRICT_OBJC_MSGSEND = YES;
				ENABLE_USER_SCRIPT_SANDBOXING = YES;
				GCC_C_LANGUAGE_STANDARD = gnu17;
				GCC_NO_COMMON_BLOCKS = YES;
				GCC_WARN_64_TO_32_BIT_CONVERSION = YES;
				GCC_WARN_ABOUT_RETURN_TYPE = YES_ERROR;
				GCC_WARN_UNDECLARED_SELECTOR = YES;
				GCC_WARN_UNINITIALIZED_AUTOS = YES_AGGRESSIVE;
				GCC_WARN_UNUSED_FUNCTION = YES;
				GCC_WARN_UNUSED_VARIABLE = YES;
				LOCALIZATION_PREFERS_STRING_CATALOGS = YES;
				MACOSX_DEPLOYMENT_TARGET = 26.0;
				MTL_ENABLE_DEBUG_INFO = NO;
				MTL_FAST_MATH = YES;
				SDKROOT = macosx;
				STRING_CATALOG_GENERATE_SYMBOLS = YES;
				SWIFT_COMPILATION_MODE = wholemodule;
			};
			name = Release;
		};
		CEDD2D752F6772D100574141 /* Debug */ = {
			isa = XCBuildConfiguration;
			buildSettings = {
				ASSETCATALOG_COMPILER_APPICON_NAME = AppIcon;
				ASSETCATALOG_COMPILER_GLOBAL_ACCENT_COLOR_NAME = AccentColor;
				AUTOMATION_APPLE_EVENTS = NO;
				CODE_SIGN_ENTITLEMENTS = Notchly/Notchly.entitlements;
				"CODE_SIGN_IDENTITY[sdk=macosx*]" = "Apple Development";
				CODE_SIGN_STYLE = Automatic;
				COMBINE_HIDPI_IMAGES = YES;
				CURRENT_PROJECT_VERSION = 18;
				DEAD_CODE_STRIPPING = YES;
				DEVELOPMENT_TEAM = "";
				ENABLE_APP_INTENTS_METADATA_GENERATION = NO;
				ENABLE_APP_SANDBOX = NO;
				ENABLE_HARDENED_RUNTIME = YES;
				ENABLE_INCOMING_NETWORK_CONNECTIONS = NO;
				ENABLE_OUTGOING_NETWORK_CONNECTIONS = YES;
				ENABLE_PREVIEWS = YES;
				ENABLE_RESOURCE_ACCESS_AUDIO_INPUT = NO;
				ENABLE_RESOURCE_ACCESS_BLUETOOTH = NO;
				ENABLE_RESOURCE_ACCESS_CALENDARS = NO;
				ENABLE_RESOURCE_ACCESS_CAMERA = NO;
				ENABLE_RESOURCE_ACCESS_CONTACTS = NO;
				ENABLE_RESOURCE_ACCESS_LOCATION = NO;
				ENABLE_RESOURCE_ACCESS_PHOTO_LIBRARY = NO;
				ENABLE_RESOURCE_ACCESS_PRINTING = NO;
				ENABLE_RESOURCE_ACCESS_USB = NO;
				ENABLE_USER_SELECTED_FILES = readonly;
				FRAMEWORK_SEARCH_PATHS = (
					"$(inherited)",
					/System/Library/PrivateFrameworks,
					"$(PROJECT_DIR)/Notchly/Resources/Adapters",
				);
				GENERATE_INFOPLIST_FILE = YES;
				INFOPLIST_FILE = Config/Info.plist;
				INFOPLIST_KEY_CFBundleDisplayName = Notchly;
				INFOPLIST_KEY_LSApplicationCategoryType = "public.app-category.utilities";
				INFOPLIST_KEY_LSMultipleInstancesProhibited = YES;
				INFOPLIST_KEY_NSAppleEventsUsageDescription = "Notchly needs permission to control Apple Music playback.";
				INFOPLIST_KEY_NSHumanReadableCopyright = "";
				LD_RUNPATH_SEARCH_PATHS = (
					"$(inherited)",
					"@executable_path/../Frameworks",
				);
				MACOSX_DEPLOYMENT_TARGET = 14.6;
				MARKETING_VERSION = 1.2.2;
				OTHER_LDFLAGS = (
					"$(inherited)",
					"-framework",
					MediaRemote,
				);
				PRODUCT_BUNDLE_IDENTIFIER = xyz.notchly.Notchly;
				PRODUCT_NAME = "$(TARGET_NAME)";
				REGISTER_APP_GROUPS = YES;
				RUNTIME_EXCEPTION_ALLOW_DYLD_ENVIRONMENT_VARIABLES = NO;
				RUNTIME_EXCEPTION_ALLOW_JIT = NO;
				RUNTIME_EXCEPTION_ALLOW_UNSIGNED_EXECUTABLE_MEMORY = NO;
				RUNTIME_EXCEPTION_DEBUGGING_TOOL = NO;
				RUNTIME_EXCEPTION_DISABLE_EXECUTABLE_PAGE_PROTECTION = NO;
				RUNTIME_EXCEPTION_DISABLE_LIBRARY_VALIDATION = NO;
				STRING_CATALOG_GENERATE_SYMBOLS = YES;
				SWIFT_APPROACHABLE_CONCURRENCY = YES;
				SWIFT_DEFAULT_ACTOR_ISOLATION = MainActor;
				SWIFT_EMIT_LOC_STRINGS = YES;
				SWIFT_OBJC_BRIDGING_HEADER = "Notchly/App/Notchly-Bridging-Header.h";
				SWIFT_OPTIMIZATION_LEVEL = "-Onone";
				SWIFT_UPCOMING_FEATURE_MEMBER_IMPORT_VISIBILITY = YES;
				SWIFT_VERSION = 5.0;
				SYSTEM_FRAMEWORK_SEARCH_PATHS = (
					"$(inherited)",
					"$(SYSTEM_LIBRARY_DIR)/PrivateFrameworks",
				);
			};
			name = Debug;
		};
		CEDD2D762F6772D100574141 /* Release */ = {
			isa = XCBuildConfiguration;
			buildSettings = {
				ASSETCATALOG_COMPILER_APPICON_NAME = AppIcon;
				ASSETCATALOG_COMPILER_GLOBAL_ACCENT_COLOR_NAME = AccentColor;
				AUTOMATION_APPLE_EVENTS = NO;
				CODE_SIGN_ENTITLEMENTS = Notchly/Notchly.entitlements;
				"CODE_SIGN_IDENTITY[sdk=macosx*]" = "Apple Development";
				CODE_SIGN_STYLE = Automatic;
				COMBINE_HIDPI_IMAGES = YES;
				CURRENT_PROJECT_VERSION = 18;
				DEAD_CODE_STRIPPING = YES;
				DEVELOPMENT_TEAM = "";
				ENABLE_APP_INTENTS_METADATA_GENERATION = NO;
				ENABLE_APP_SANDBOX = NO;
				ENABLE_HARDENED_RUNTIME = YES;
				ENABLE_INCOMING_NETWORK_CONNECTIONS = NO;
				ENABLE_OUTGOING_NETWORK_CONNECTIONS = YES;
				ENABLE_PREVIEWS = YES;
				ENABLE_RESOURCE_ACCESS_AUDIO_INPUT = NO;
				ENABLE_RESOURCE_ACCESS_BLUETOOTH = NO;
				ENABLE_RESOURCE_ACCESS_CALENDARS = NO;
				ENABLE_RESOURCE_ACCESS_CAMERA = NO;
				ENABLE_RESOURCE_ACCESS_CONTACTS = NO;
				ENABLE_RESOURCE_ACCESS_LOCATION = NO;
				ENABLE_RESOURCE_ACCESS_PHOTO_LIBRARY = NO;
				ENABLE_RESOURCE_ACCESS_PRINTING = NO;
				ENABLE_RESOURCE_ACCESS_USB = NO;
				ENABLE_USER_SELECTED_FILES = readonly;
				FRAMEWORK_SEARCH_PATHS = (
					"$(inherited)",
					/System/Library/PrivateFrameworks,
					"$(PROJECT_DIR)/Notchly/Resources/Adapters",
				);
				GENERATE_INFOPLIST_FILE = YES;
				INFOPLIST_FILE = Config/Info.plist;
				INFOPLIST_KEY_CFBundleDisplayName = Notchly;
				INFOPLIST_KEY_LSApplicationCategoryType = "public.app-category.utilities";
				INFOPLIST_KEY_LSMultipleInstancesProhibited = YES;
				INFOPLIST_KEY_NSAppleEventsUsageDescription = "Notchly needs permission to control Apple Music playback.";
				INFOPLIST_KEY_NSHumanReadableCopyright = "";
				LD_RUNPATH_SEARCH_PATHS = (
					"$(inherited)",
					"@executable_path/../Frameworks",
				);
				MACOSX_DEPLOYMENT_TARGET = 14.6;
				MARKETING_VERSION = 1.2.2;
				OTHER_LDFLAGS = (
					"$(inherited)",
					"-framework",
					MediaRemote,
				);
				PRODUCT_BUNDLE_IDENTIFIER = xyz.notchly.Notchly;
				PRODUCT_NAME = "$(TARGET_NAME)";
				REGISTER_APP_GROUPS = YES;
				RUNTIME_EXCEPTION_ALLOW_DYLD_ENVIRONMENT_VARIABLES = NO;
				RUNTIME_EXCEPTION_ALLOW_JIT = NO;
				RUNTIME_EXCEPTION_ALLOW_UNSIGNED_EXECUTABLE_MEMORY = NO;
				RUNTIME_EXCEPTION_DEBUGGING_TOOL = NO;
				RUNTIME_EXCEPTION_DISABLE_EXECUTABLE_PAGE_PROTECTION = NO;
				RUNTIME_EXCEPTION_DISABLE_LIBRARY_VALIDATION = NO;
				STRING_CATALOG_GENERATE_SYMBOLS = YES;
				SWIFT_APPROACHABLE_CONCURRENCY = YES;
				SWIFT_DEFAULT_ACTOR_ISOLATION = MainActor;
				SWIFT_EMIT_LOC_STRINGS = YES;
				SWIFT_OBJC_BRIDGING_HEADER = "Notchly/App/Notchly-Bridging-Header.h";
				SWIFT_UPCOMING_FEATURE_MEMBER_IMPORT_VISIBILITY = YES;
				SWIFT_VERSION = 5.0;
				SYSTEM_FRAMEWORK_SEARCH_PATHS = (
					"$(inherited)",
					"$(SYSTEM_LIBRARY_DIR)/PrivateFrameworks",
				);
			};
			name = Release;
		};
/* End XCBuildConfiguration section */

/* Begin XCConfigurationList section */
		A100000E2FA1000100A1000E /* Build configuration list for PBXNativeTarget "NotchlyIdentityHelper" */ = {
			isa = XCConfigurationList;
			buildConfigurations = (
				A100000C2FA1000100A1000C /* Debug */,
				A100000D2FA1000100A1000D /* Release */,
			);
			defaultConfigurationIsVisible = 0;
			defaultConfigurationName = Release;
		};
		CEDD2D642F6772D000574141 /* Build configuration list for PBXProject "Notchly" */ = {
			isa = XCConfigurationList;
			buildConfigurations = (
				CEDD2D722F6772D100574141 /* Debug */,
				CEDD2D732F6772D100574141 /* Release */,
			);
			defaultConfigurationIsVisible = 0;
			defaultConfigurationName = Release;
		};
		CEDD2D742F6772D100574141 /* Build configuration list for PBXNativeTarget "Notchly" */ = {
			isa = XCConfigurationList;
			buildConfigurations = (
				CEDD2D752F6772D100574141 /* Debug */,
				CEDD2D762F6772D100574141 /* Release */,
			);
			defaultConfigurationIsVisible = 0;
			defaultConfigurationName = Release;
		};
/* End XCConfigurationList section */

/* Begin XCRemoteSwiftPackageReference section */
		CE09F2B12F7D845B0088ADC6 /* XCRemoteSwiftPackageReference "SkyLightWindow" */ = {
			isa = XCRemoteSwiftPackageReference;
			repositoryURL = "https://github.com/Lakr233/SkyLightWindow";
			requirement = {
				kind = upToNextMajorVersion;
				minimumVersion = 1.0.0;
			};
		};
		CE30A0C02F71B03C006A3998 /* XCRemoteSwiftPackageReference "mediaremote-adapter" */ = {
			isa = XCRemoteSwiftPackageReference;
			repositoryURL = "https://github.com/ejbills/mediaremote-adapter.git";
			requirement = {
				branch = master;
				kind = branch;
			};
		};
/* End XCRemoteSwiftPackageReference section */

/* Begin XCSwiftPackageProductDependency section */
		CE09F2B22F7D845B0088ADC6 /* SkyLightWindow */ = {
			isa = XCSwiftPackageProductDependency;
			package = CE09F2B12F7D845B0088ADC6 /* XCRemoteSwiftPackageReference "SkyLightWindow" */;
			productName = SkyLightWindow;
		};
		CE30A0C12F71B03C006A3998 /* MediaRemoteAdapter */ = {
			isa = XCSwiftPackageProductDependency;
			package = CE30A0C02F71B03C006A3998 /* XCRemoteSwiftPackageReference "mediaremote-adapter" */;
			productName = MediaRemoteAdapter;
		};
/* End XCSwiftPackageProductDependency section */
	};
	rootObject = CEDD2D612F6772D000574141 /* Project object */;
}
